PODS:
  - AFNetworking (2.2.1):
    - AFNetworking/NSURLConnection
    - AFNetworking/NSURLSession
    - AFNetworking/Reachability
    - AFNetworking/Security
    - AFNetworking/Serialization
    - AFNetworking/UIKit
  - AFNetworking/NSURLConnection (2.2.1):
    - AFNetworking/Reachability
    - AFNetworking/Security
    - AFNetworking/Serialization
  - AFNetworking/NSURLSession (2.2.1):
    - AFNetworking/NSURLConnection
  - AFNetworking/Reachability (2.2.1)
  - AFNetworking/Security (2.2.1)
  - AFNetworking/Serialization (2.2.1)
  - gtm-oauth2 (0.1.0):
    - GTMHTTPFetcher
  - GTMHTTPFetcher (0.1.0)
  - Mixpanel-OSX-Community (2.0.0)
  - SharedInstanceGCD (1.0.2)
  - socket.IO (0.5.1):
    - SocketRocket (~> 0.2)
  - SocketRocket (0.3.1-beta2)

DEPENDENCIES:
  - AFNetworking (~> 2.2)
  - gtm-oauth2 (~> 0.1)
  - Mixpanel-OSX-Community
  - SharedInstanceGCD
  - socket.IO

SPEC CHECKSUMS:
  AFNetworking: 0121f4b69be3fa58d1ab317866e036e12ac9651d
  gtm-oauth2: ec43e283197a3c2eb14e1f3724a83fe2aeb45791
  GTMHTTPFetcher: 1ec07b08bc1df7bf37ad32b3c2adefa020a4b644
  Mixpanel-OSX-Community: b829ac6c8ea601849a2ce74a478b046ee661d3f1
  SharedInstanceGCD: a5e08cf37ce99d788b6899370d94c0a2e8757d21
  socket.IO: cbcdf2447ea4f58f97f35d4a1feeddc84423d595
  SocketRocket: 7ac946bcce46287a791dfff3c1f8daa692821dae

COCOAPODS: 0.29.0
