// !$*UTF8*$!
{
	archiveVersion = 1;
	classes = {
	};
	objectVersion = 46;
	objects = {

/* Begin PBXBuildFile section */
		1CA2C0D3E1E84F79922FD99E /* libPods.a in Frameworks */ = {isa = PBXBuildFile; fileRef = 637712219F1B4BAFAA9A73A6 /* libPods.a */; };
		9209C16218D5CEA400F9B2CC /* Cocoa.framework in Frameworks */ = {isa = PBXBuildFile; fileRef = 9209C16118D5CEA400F9B2CC /* Cocoa.framework */; };
		9209C16C18D5CEA400F9B2CC /* InfoPlist.strings in Resources */ = {isa = PBXBuildFile; fileRef = 9209C16A18D5CEA400F9B2CC /* InfoPlist.strings */; };
		9209C16E18D5CEA400F9B2CC /* main.m in Sources */ = {isa = PBXBuildFile; fileRef = 9209C16D18D5CEA400F9B2CC /* main.m */; };
		9209C17218D5CEA400F9B2CC /* Credits.rtf in Resources */ = {isa = PBXBuildFile; fileRef = 9209C17018D5CEA400F9B2CC /* Credits.rtf */; };
		9209C17518D5CEA400F9B2CC /* AppDelegate.m in Sources */ = {isa = PBXBuildFile; fileRef = 9209C17418D5CEA400F9B2CC /* AppDelegate.m */; };
		9209C17818D5CEA500F9B2CC /* MainMenu.xib in Resources */ = {isa = PBXBuildFile; fileRef = 9209C17618D5CEA500F9B2CC /* MainMenu.xib */; };
		9209C18118D5CEA500F9B2CC /* XCTest.framework in Frameworks */ = {isa = PBXBuildFile; fileRef = 9209C18018D5CEA500F9B2CC /* XCTest.framework */; };
		9209C18218D5CEA500F9B2CC /* Cocoa.framework in Frameworks */ = {isa = PBXBuildFile; fileRef = 9209C16118D5CEA400F9B2CC /* Cocoa.framework */; };
		9209C19718D5D0CE00F9B2CC /* bucket.icns in Resources */ = {isa = PBXBuildFile; fileRef = 9209C19618D5D0CE00F9B2CC /* bucket.icns */; };
		9209C19918D5D44F00F9B2CC /* google.icns in Resources */ = {isa = PBXBuildFile; fileRef = 9209C19818D5D44F00F9B2CC /* google.icns */; };
		9209C19B18D5DC4A00F9B2CC /* WebKit.framework in Frameworks */ = {isa = PBXBuildFile; fileRef = 9209C19A18D5DC4A00F9B2CC /* WebKit.framework */; };
		9209C19D18D5E14900F9B2CC /* icon-full.icns in Resources */ = {isa = PBXBuildFile; fileRef = 9209C19C18D5E14900F9B2CC /* icon-full.icns */; };
		9209C19F18D5E15200F9B2CC /* icon-empty.icns in Resources */ = {isa = PBXBuildFile; fileRef = 9209C19E18D5E15200F9B2CC /* icon-empty.icns */; };
		9209C1A218D5E45D00F9B2CC /* BucketClient.m in Sources */ = {isa = PBXBuildFile; fileRef = 9209C1A118D5E45D00F9B2CC /* BucketClient.m */; };
		9209C1A518D5E91600F9B2CC /* U.m in Sources */ = {isa = PBXBuildFile; fileRef = 9209C1A418D5E91600F9B2CC /* U.m */; };
		9209C1AC18D6475500F9B2CC /* MainWindow.m in Sources */ = {isa = PBXBuildFile; fileRef = 9209C1AA18D6475500F9B2CC /* MainWindow.m */; };
		9209C1AD18D6475500F9B2CC /* MainWindow.xib in Resources */ = {isa = PBXBuildFile; fileRef = 9209C1AB18D6475500F9B2CC /* MainWindow.xib */; };
		9209C1B018D64B2F00F9B2CC /* FileSizeTransformer.m in Sources */ = {isa = PBXBuildFile; fileRef = 9209C1AF18D64B2F00F9B2CC /* FileSizeTransformer.m */; };
		9209C1B618D6DB8700F9B2CC /* ItemsTableView.m in Sources */ = {isa = PBXBuildFile; fileRef = 9209C1B518D6DB8700F9B2CC /* ItemsTableView.m */; };
		9209C1B918D6DF0C00F9B2CC /* ItemsTableDataSource.m in Sources */ = {isa = PBXBuildFile; fileRef = 9209C1B818D6DF0C00F9B2CC /* ItemsTableDataSource.m */; };
/* End PBXBuildFile section */

/* Begin PBXContainerItemProxy section */
		9209C18318D5CEA500F9B2CC /* PBXContainerItemProxy */ = {
			isa = PBXContainerItemProxy;
			containerPortal = 9209C15618D5CEA400F9B2CC /* Project object */;
			proxyType = 1;
			remoteGlobalIDString = 9209C15D18D5CEA400F9B2CC;
			remoteInfo = Bucket;
		};
/* End PBXContainerItemProxy section */

/* Begin PBXFileReference section */
		637712219F1B4BAFAA9A73A6 /* libPods.a */ = {isa = PBXFileReference; explicitFileType = archive.ar; includeInIndex = 0; path = libPods.a; sourceTree = BUILT_PRODUCTS_DIR; };
		9209C15E18D5CEA400F9B2CC /* Bucket.app */ = {isa = PBXFileReference; explicitFileType = wrapper.application; includeInIndex = 0; path = Bucket.app; sourceTree = BUILT_PRODUCTS_DIR; };
		9209C16118D5CEA400F9B2CC /* Cocoa.framework */ = {isa = PBXFileReference; lastKnownFileType = wrapper.framework; name = Cocoa.framework; path = System/Library/Frameworks/Cocoa.framework; sourceTree = SDKROOT; };
		9209C16418D5CEA400F9B2CC /* AppKit.framework */ = {isa = PBXFileReference; lastKnownFileType = wrapper.framework; name = AppKit.framework; path = System/Library/Frameworks/AppKit.framework; sourceTree = SDKROOT; };
		9209C16518D5CEA400F9B2CC /* CoreData.framework */ = {isa = PBXFileReference; lastKnownFileType = wrapper.framework; name = CoreData.framework; path = System/Library/Frameworks/CoreData.framework; sourceTree = SDKROOT; };
		9209C16618D5CEA400F9B2CC /* Foundation.framework */ = {isa = PBXFileReference; lastKnownFileType = wrapper.framework; name = Foundation.framework; path = System/Library/Frameworks/Foundation.framework; sourceTree = SDKROOT; };
		9209C16918D5CEA400F9B2CC /* Bucket-Info.plist */ = {isa = PBXFileReference; lastKnownFileType = text.plist.xml; path = "Bucket-Info.plist"; sourceTree = "<group>"; };
		9209C16B18D5CEA400F9B2CC /* en */ = {isa = PBXFileReference; lastKnownFileType = text.plist.strings; name = en; path = en.lproj/InfoPlist.strings; sourceTree = "<group>"; };
		9209C16D18D5CEA400F9B2CC /* main.m */ = {isa = PBXFileReference; lastKnownFileType = sourcecode.c.objc; path = main.m; sourceTree = "<group>"; };
		9209C16F18D5CEA400F9B2CC /* Bucket-Prefix.pch */ = {isa = PBXFileReference; lastKnownFileType = sourcecode.c.h; path = "Bucket-Prefix.pch"; sourceTree = "<group>"; };
		9209C17118D5CEA400F9B2CC /* en */ = {isa = PBXFileReference; lastKnownFileType = text.rtf; name = en; path = en.lproj/Credits.rtf; sourceTree = "<group>"; };
		9209C17318D5CEA400F9B2CC /* AppDelegate.h */ = {isa = PBXFileReference; lastKnownFileType = sourcecode.c.h; path = AppDelegate.h; sourceTree = "<group>"; };
		9209C17418D5CEA400F9B2CC /* AppDelegate.m */ = {isa = PBXFileReference; lastKnownFileType = sourcecode.c.objc; path = AppDelegate.m; sourceTree = "<group>"; };
		9209C17718D5CEA500F9B2CC /* Base */ = {isa = PBXFileReference; lastKnownFileType = file.xib; name = Base; path = Base.lproj/MainMenu.xib; sourceTree = "<group>"; };
		9209C17F18D5CEA500F9B2CC /* BucketTests.xctest */ = {isa = PBXFileReference; explicitFileType = wrapper.cfbundle; includeInIndex = 0; path = BucketTests.xctest; sourceTree = BUILT_PRODUCTS_DIR; };
		9209C18018D5CEA500F9B2CC /* XCTest.framework */ = {isa = PBXFileReference; lastKnownFileType = wrapper.framework; name = XCTest.framework; path = Library/Frameworks/XCTest.framework; sourceTree = DEVELOPER_DIR; };
		9209C19618D5D0CE00F9B2CC /* bucket.icns */ = {isa = PBXFileReference; lastKnownFileType = image.icns; path = bucket.icns; sourceTree = "<group>"; };
		9209C19818D5D44F00F9B2CC /* google.icns */ = {isa = PBXFileReference; lastKnownFileType = image.icns; path = google.icns; sourceTree = "<group>"; };
		9209C19A18D5DC4A00F9B2CC /* WebKit.framework */ = {isa = PBXFileReference; lastKnownFileType = wrapper.framework; name = WebKit.framework; path = System/Library/Frameworks/WebKit.framework; sourceTree = SDKROOT; };
		9209C19C18D5E14900F9B2CC /* icon-full.icns */ = {isa = PBXFileReference; lastKnownFileType = image.icns; path = "icon-full.icns"; sourceTree = "<group>"; };
		9209C19E18D5E15200F9B2CC /* icon-empty.icns */ = {isa = PBXFileReference; lastKnownFileType = image.icns; path = "icon-empty.icns"; sourceTree = "<group>"; };
		9209C1A018D5E45D00F9B2CC /* BucketClient.h */ = {isa = PBXFileReference; fileEncoding = 4; lastKnownFileType = sourcecode.c.h; path = BucketClient.h; sourceTree = "<group>"; };
		9209C1A118D5E45D00F9B2CC /* BucketClient.m */ = {isa = PBXFileReference; fileEncoding = 4; lastKnownFileType = sourcecode.c.objc; path = BucketClient.m; sourceTree = "<group>"; };
		9209C1A318D5E91600F9B2CC /* U.h */ = {isa = PBXFileReference; fileEncoding = 4; lastKnownFileType = sourcecode.c.h; path = U.h; sourceTree = "<group>"; };
		9209C1A418D5E91600F9B2CC /* U.m */ = {isa = PBXFileReference; fileEncoding = 4; lastKnownFileType = sourcecode.c.objc; path = U.m; sourceTree = "<group>"; };
		9209C1A918D6475500F9B2CC /* MainWindow.h */ = {isa = PBXFileReference; fileEncoding = 4; lastKnownFileType = sourcecode.c.h; path = MainWindow.h; sourceTree = "<group>"; };
		9209C1AA18D6475500F9B2CC /* MainWindow.m */ = {isa = PBXFileReference; fileEncoding = 4; lastKnownFileType = sourcecode.c.objc; path = MainWindow.m; sourceTree = "<group>"; };
		9209C1AB18D6475500F9B2CC /* MainWindow.xib */ = {isa = PBXFileReference; fileEncoding = 4; lastKnownFileType = file.xib; path = MainWindow.xib; sourceTree = "<group>"; };
		9209C1AE18D64B2F00F9B2CC /* FileSizeTransformer.h */ = {isa = PBXFileReference; fileEncoding = 4; lastKnownFileType = sourcecode.c.h; path = FileSizeTransformer.h; sourceTree = "<group>"; };
		9209C1AF18D64B2F00F9B2CC /* FileSizeTransformer.m */ = {isa = PBXFileReference; fileEncoding = 4; lastKnownFileType = sourcecode.c.objc; path = FileSizeTransformer.m; sourceTree = "<group>"; };
		9209C1B418D6DB8700F9B2CC /* ItemsTableView.h */ = {isa = PBXFileReference; fileEncoding = 4; lastKnownFileType = sourcecode.c.h; path = ItemsTableView.h; sourceTree = "<group>"; };
		9209C1B518D6DB8700F9B2CC /* ItemsTableView.m */ = {isa = PBXFileReference; fileEncoding = 4; lastKnownFileType = sourcecode.c.objc; path = ItemsTableView.m; sourceTree = "<group>"; };
		9209C1B718D6DF0C00F9B2CC /* ItemsTableDataSource.h */ = {isa = PBXFileReference; fileEncoding = 4; lastKnownFileType = sourcecode.c.h; path = ItemsTableDataSource.h; sourceTree = "<group>"; };
		9209C1B818D6DF0C00F9B2CC /* ItemsTableDataSource.m */ = {isa = PBXFileReference; fileEncoding = 4; lastKnownFileType = sourcecode.c.objc; path = ItemsTableDataSource.m; sourceTree = "<group>"; };
		DD0885A975AA4132A97AEB12 /* Pods.xcconfig */ = {isa = PBXFileReference; includeInIndex = 1; lastKnownFileType = text.xcconfig; name = Pods.xcconfig; path = Pods/Pods.xcconfig; sourceTree = "<group>"; };
/* End PBXFileReference section */

/* Begin PBXFrameworksBuildPhase section */
		9209C15B18D5CEA400F9B2CC /* Frameworks */ = {
			isa = PBXFrameworksBuildPhase;
			buildActionMask = 2147483647;
			files = (
				9209C19B18D5DC4A00F9B2CC /* WebKit.framework in Frameworks */,
				9209C16218D5CEA400F9B2CC /* Cocoa.framework in Frameworks */,
				1CA2C0D3E1E84F79922FD99E /* libPods.a in Frameworks */,
			);
			runOnlyForDeploymentPostprocessing = 0;
		};
		9209C17C18D5CEA500F9B2CC /* Frameworks */ = {
			isa = PBXFrameworksBuildPhase;
			buildActionMask = 2147483647;
			files = (
				9209C18218D5CEA500F9B2CC /* Cocoa.framework in Frameworks */,
				9209C18118D5CEA500F9B2CC /* XCTest.framework in Frameworks */,
			);
			runOnlyForDeploymentPostprocessing = 0;
		};
/* End PBXFrameworksBuildPhase section */

/* Begin PBXGroup section */
		9209C15518D5CEA400F9B2CC = {
			isa = PBXGroup;
			children = (
				9209C16718D5CEA400F9B2CC /* Bucket */,
				9209C16018D5CEA400F9B2CC /* Frameworks */,
				9209C15F18D5CEA400F9B2CC /* Products */,
				DD0885A975AA4132A97AEB12 /* Pods.xcconfig */,
			);
			sourceTree = "<group>";
		};
		9209C15F18D5CEA400F9B2CC /* Products */ = {
			isa = PBXGroup;
			children = (
				9209C15E18D5CEA400F9B2CC /* Bucket.app */,
				9209C17F18D5CEA500F9B2CC /* BucketTests.xctest */,
			);
			name = Products;
			sourceTree = "<group>";
		};
		9209C16018D5CEA400F9B2CC /* Frameworks */ = {
			isa = PBXGroup;
			children = (
				9209C19A18D5DC4A00F9B2CC /* WebKit.framework */,
				9209C16118D5CEA400F9B2CC /* Cocoa.framework */,
				9209C18018D5CEA500F9B2CC /* XCTest.framework */,
				9209C16318D5CEA400F9B2CC /* Other Frameworks */,
				637712219F1B4BAFAA9A73A6 /* libPods.a */,
			);
			name = Frameworks;
			sourceTree = "<group>";
		};
		9209C16318D5CEA400F9B2CC /* Other Frameworks */ = {
			isa = PBXGroup;
			children = (
				9209C16418D5CEA400F9B2CC /* AppKit.framework */,
				9209C16518D5CEA400F9B2CC /* CoreData.framework */,
				9209C16618D5CEA400F9B2CC /* Foundation.framework */,
			);
			name = "Other Frameworks";
			sourceTree = "<group>";
		};
		9209C16718D5CEA400F9B2CC /* Bucket */ = {
			isa = PBXGroup;
			children = (
				9209C1AE18D64B2F00F9B2CC /* FileSizeTransformer.h */,
				9209C1AF18D64B2F00F9B2CC /* FileSizeTransformer.m */,
				9209C1A318D5E91600F9B2CC /* U.h */,
				9209C1A418D5E91600F9B2CC /* U.m */,
				9209C19518D5D0C200F9B2CC /* Icons */,
				9209C17318D5CEA400F9B2CC /* AppDelegate.h */,
				9209C17418D5CEA400F9B2CC /* AppDelegate.m */,
				9209C17618D5CEA500F9B2CC /* MainMenu.xib */,
				9209C16818D5CEA400F9B2CC /* Supporting Files */,
				9209C1A018D5E45D00F9B2CC /* BucketClient.h */,
				9209C1A118D5E45D00F9B2CC /* BucketClient.m */,
				9209C1A918D6475500F9B2CC /* MainWindow.h */,
				9209C1AA18D6475500F9B2CC /* MainWindow.m */,
				9209C1AB18D6475500F9B2CC /* MainWindow.xib */,
				9209C1B418D6DB8700F9B2CC /* ItemsTableView.h */,
				9209C1B518D6DB8700F9B2CC /* ItemsTableView.m */,
				9209C1B718D6DF0C00F9B2CC /* ItemsTableDataSource.h */,
				9209C1B818D6DF0C00F9B2CC /* ItemsTableDataSource.m */,
			);
			path = Bucket;
			sourceTree = "<group>";
		};
		9209C16818D5CEA400F9B2CC /* Supporting Files */ = {
			isa = PBXGroup;
			children = (
				9209C16918D5CEA400F9B2CC /* Bucket-Info.plist */,
				9209C16A18D5CEA400F9B2CC /* InfoPlist.strings */,
				9209C16D18D5CEA400F9B2CC /* main.m */,
				9209C16F18D5CEA400F9B2CC /* Bucket-Prefix.pch */,
				9209C17018D5CEA400F9B2CC /* Credits.rtf */,
			);
			name = "Supporting Files";
			sourceTree = "<group>";
		};
		9209C19518D5D0C200F9B2CC /* Icons */ = {
			isa = PBXGroup;
			children = (
				9209C19E18D5E15200F9B2CC /* icon-empty.icns */,
				9209C19C18D5E14900F9B2CC /* icon-full.icns */,
				9209C19818D5D44F00F9B2CC /* google.icns */,
				9209C19618D5D0CE00F9B2CC /* bucket.icns */,
			);
			name = Icons;
			sourceTree = "<group>";
		};
/* End PBXGroup section */

/* Begin PBXNativeTarget section */
		9209C15D18D5CEA400F9B2CC /* Bucket */ = {
			isa = PBXNativeTarget;
			buildConfigurationList = 9209C18F18D5CEA500F9B2CC /* Build configuration list for PBXNativeTarget "Bucket" */;
			buildPhases = (
				02FEAC4484BB4E21BADE42B7 /* Check Pods Manifest.lock */,
				9209C15A18D5CEA400F9B2CC /* Sources */,
				9209C15B18D5CEA400F9B2CC /* Frameworks */,
				9209C15C18D5CEA400F9B2CC /* Resources */,
				38DF4C0E23D4484FB3B0B8E9 /* Copy Pods Resources */,
			);
			buildRules = (
			);
			dependencies = (
			);
			name = Bucket;
			productName = Bucket;
			productReference = 9209C15E18D5CEA400F9B2CC /* Bucket.app */;
			productType = "com.apple.product-type.application";
		};
		9209C17E18D5CEA500F9B2CC /* BucketTests */ = {
			isa = PBXNativeTarget;
			buildConfigurationList = 9209C19218D5CEA500F9B2CC /* Build configuration list for PBXNativeTarget "BucketTests" */;
			buildPhases = (
				9209C17B18D5CEA500F9B2CC /* Sources */,
				9209C17C18D5CEA500F9B2CC /* Frameworks */,
				9209C17D18D5CEA500F9B2CC /* Resources */,
			);
			buildRules = (
			);
			dependencies = (
				9209C18418D5CEA500F9B2CC /* PBXTargetDependency */,
			);
			name = BucketTests;
			productName = BucketTests;
			productReference = 9209C17F18D5CEA500F9B2CC /* BucketTests.xctest */;
			productType = "com.apple.product-type.bundle.unit-test";
		};
/* End PBXNativeTarget section */

/* Begin PBXProject section */
		9209C15618D5CEA400F9B2CC /* Project object */ = {
			isa = PBXProject;
			attributes = {
				LastUpgradeCheck = 0510;
				ORGANIZATIONNAME = Bucket;
				TargetAttributes = {
					9209C17E18D5CEA500F9B2CC = {
						TestTargetID = 9209C15D18D5CEA400F9B2CC;
					};
				};
			};
			buildConfigurationList = 9209C15918D5CEA400F9B2CC /* Build configuration list for PBXProject "Bucket" */;
			compatibilityVersion = "Xcode 3.2";
			developmentRegion = English;
			hasScannedForEncodings = 0;
			knownRegions = (
				en,
				Base,
			);
			mainGroup = 9209C15518D5CEA400F9B2CC;
			productRefGroup = 9209C15F18D5CEA400F9B2CC /* Products */;
			projectDirPath = "";
			projectRoot = "";
			targets = (
				9209C15D18D5CEA400F9B2CC /* Bucket */,
				9209C17E18D5CEA500F9B2CC /* BucketTests */,
			);
		};
/* End PBXProject section */

/* Begin PBXResourcesBuildPhase section */
		9209C15C18D5CEA400F9B2CC /* Resources */ = {
			isa = PBXResourcesBuildPhase;
			buildActionMask = 2147483647;
			files = (
				9209C19D18D5E14900F9B2CC /* icon-full.icns in Resources */,
				9209C19718D5D0CE00F9B2CC /* bucket.icns in Resources */,
				9209C16C18D5CEA400F9B2CC /* InfoPlist.strings in Resources */,
				9209C17218D5CEA400F9B2CC /* Credits.rtf in Resources */,
				9209C1AD18D6475500F9B2CC /* MainWindow.xib in Resources */,
				9209C19918D5D44F00F9B2CC /* google.icns in Resources */,
				9209C17818D5CEA500F9B2CC /* MainMenu.xib in Resources */,
				9209C19F18D5E15200F9B2CC /* icon-empty.icns in Resources */,
			);
			runOnlyForDeploymentPostprocessing = 0;
		};
		9209C17D18D5CEA500F9B2CC /* Resources */ = {
			isa = PBXResourcesBuildPhase;
			buildActionMask = 2147483647;
			files = (
			);
			runOnlyForDeploymentPostprocessing = 0;
		};
/* End PBXResourcesBuildPhase section */

/* Begin PBXShellScriptBuildPhase section */
		02FEAC4484BB4E21BADE42B7 /* Check Pods Manifest.lock */ = {
			isa = PBXShellScriptBuildPhase;
			buildActionMask = 2147483647;
			files = (
			);
			inputPaths = (
			);
			name = "Check Pods Manifest.lock";
			outputPaths = (
			);
			runOnlyForDeploymentPostprocessing = 0;
			shellPath = /bin/sh;
			shellScript = "diff \"${PODS_ROOT}/../Podfile.lock\" \"${PODS_ROOT}/Manifest.lock\" > /dev/null\nif [[ $? != 0 ]] ; then\n    cat << EOM\nerror: The sandbox is not in sync with the Podfile.lock. Run 'pod install' or update your CocoaPods installation.\nEOM\n    exit 1\nfi\n";
			showEnvVarsInLog = 0;
		};
		38DF4C0E23D4484FB3B0B8E9 /* Copy Pods Resources */ = {
			isa = PBXShellScriptBuildPhase;
			buildActionMask = 2147483647;
			files = (
			);
			inputPaths = (
			);
			name = "Copy Pods Resources";
			outputPaths = (
			);
			runOnlyForDeploymentPostprocessing = 0;
			shellPath = /bin/sh;
			shellScript = "\"${SRCROOT}/Pods/Pods-resources.sh\"\n";
			showEnvVarsInLog = 0;
		};
/* End PBXShellScriptBuildPhase section */

/* Begin PBXSourcesBuildPhase section */
		9209C15A18D5CEA400F9B2CC /* Sources */ = {
			isa = PBXSourcesBuildPhase;
			buildActionMask = 2147483647;
			files = (
				9209C1A218D5E45D00F9B2CC /* BucketClient.m in Sources */,
				9209C17518D5CEA400F9B2CC /* AppDelegate.m in Sources */,
				9209C1B018D64B2F00F9B2CC /* FileSizeTransformer.m in Sources */,
				9209C1AC18D6475500F9B2CC /* MainWindow.m in Sources */,
				9209C16E18D5CEA400F9B2CC /* main.m in Sources */,
				9209C1B618D6DB8700F9B2CC /* ItemsTableView.m in Sources */,
				9209C1B918D6DF0C00F9B2CC /* ItemsTableDataSource.m in Sources */,
				9209C1A518D5E91600F9B2CC /* U.m in Sources */,
			);
			runOnlyForDeploymentPostprocessing = 0;
		};
		9209C17B18D5CEA500F9B2CC /* Sources */ = {
			isa = PBXSourcesBuildPhase;
			buildActionMask = 2147483647;
			files = (
			);
			runOnlyForDeploymentPostprocessing = 0;
		};
/* End PBXSourcesBuildPhase section */

/* Begin PBXTargetDependency section */
		9209C18418D5CEA500F9B2CC /* PBXTargetDependency */ = {
			isa = PBXTargetDependency;
			target = 9209C15D18D5CEA400F9B2CC /* Bucket */;
			targetProxy = 9209C18318D5CEA500F9B2CC /* PBXContainerItemProxy */;
		};
/* End PBXTargetDependency section */

/* Begin PBXVariantGroup section */
		9209C16A18D5CEA400F9B2CC /* InfoPlist.strings */ = {
			isa = PBXVariantGroup;
			children = (
				9209C16B18D5CEA400F9B2CC /* en */,
			);
			name = InfoPlist.strings;
			sourceTree = "<group>";
		};
		9209C17018D5CEA400F9B2CC /* Credits.rtf */ = {
			isa = PBXVariantGroup;
			children = (
				9209C17118D5CEA400F9B2CC /* en */,
			);
			name = Credits.rtf;
			sourceTree = "<group>";
		};
		9209C17618D5CEA500F9B2CC /* MainMenu.xib */ = {
			isa = PBXVariantGroup;
			children = (
				9209C17718D5CEA500F9B2CC /* Base */,
			);
			name = MainMenu.xib;
			sourceTree = "<group>";
		};
/* End PBXVariantGroup section */

/* Begin XCBuildConfiguration section */
		9209C18D18D5CEA500F9B2CC /* Debug */ = {
			isa = XCBuildConfiguration;
			buildSettings = {
				ALWAYS_SEARCH_USER_PATHS = NO;
				CLANG_CXX_LANGUAGE_STANDARD = "gnu++0x";
				CLANG_CXX_LIBRARY = "libc++";
				CLANG_ENABLE_MODULES = YES;
				CLANG_ENABLE_OBJC_ARC = YES;
				CLANG_WARN_BOOL_CONVERSION = YES;
				CLANG_WARN_CONSTANT_CONVERSION = YES;
				CLANG_WARN_DIRECT_OBJC_ISA_USAGE = YES_ERROR;
				CLANG_WARN_EMPTY_BODY = YES;
				CLANG_WARN_ENUM_CONVERSION = YES;
				CLANG_WARN_INT_CONVERSION = YES;
				CLANG_WARN_OBJC_ROOT_CLASS = YES_ERROR;
				CLANG_WARN__DUPLICATE_METHOD_MATCH = YES;
				COPY_PHASE_STRIP = NO;
				GCC_C_LANGUAGE_STANDARD = gnu99;
				GCC_DYNAMIC_NO_PIC = NO;
				GCC_ENABLE_OBJC_EXCEPTIONS = YES;
				GCC_OPTIMIZATION_LEVEL = 0;
				GCC_PREPROCESSOR_DEFINITIONS = (
					"DEBUG=1",
					"$(inherited)",
				);
				GCC_SYMBOLS_PRIVATE_EXTERN = NO;
				GCC_WARN_64_TO_32_BIT_CONVERSION = YES;
				GCC_WARN_ABOUT_RETURN_TYPE = YES_ERROR;
				GCC_WARN_UNDECLARED_SELECTOR = YES;
				GCC_WARN_UNINITIALIZED_AUTOS = YES_AGGRESSIVE;
				GCC_WARN_UNUSED_FUNCTION = YES;
				GCC_WARN_UNUSED_VARIABLE = YES;
				MACOSX_DEPLOYMENT_TARGET = 10.8;
				ONLY_ACTIVE_ARCH = YES;
				SDKROOT = macosx;
			};
			name = Debug;
		};
		9209C18E18D5CEA500F9B2CC /* Release */ = {
			isa = XCBuildConfiguration;
			buildSettings = {
				ALWAYS_SEARCH_USER_PATHS = NO;
				CLANG_CXX_LANGUAGE_STANDARD = "gnu++0x";
				CLANG_CXX_LIBRARY = "libc++";
				CLANG_ENABLE_MODULES = YES;
				CLANG_ENABLE_OBJC_ARC = YES;
				CLANG_WARN_BOOL_CONVERSION = YES;
				CLANG_WARN_CONSTANT_CONVERSION = YES;
				CLANG_WARN_DIRECT_OBJC_ISA_USAGE = YES_ERROR;
				CLANG_WARN_EMPTY_BODY = YES;
				CLANG_WARN_ENUM_CONVERSION = YES;
				CLANG_WARN_INT_CONVERSION = YES;
				CLANG_WARN_OBJC_ROOT_CLASS = YES_ERROR;
				CLANG_WARN__DUPLICATE_METHOD_MATCH = YES;
				COPY_PHASE_STRIP = YES;
				DEBUG_INFORMATION_FORMAT = "dwarf-with-dsym";
				ENABLE_NS_ASSERTIONS = NO;
				GCC_C_LANGUAGE_STANDARD = gnu99;
				GCC_ENABLE_OBJC_EXCEPTIONS = YES;
				GCC_WARN_64_TO_32_BIT_CONVERSION = YES;
				GCC_WARN_ABOUT_RETURN_TYPE = YES_ERROR;
				GCC_WARN_UNDECLARED_SELECTOR = YES;
				GCC_WARN_UNINITIALIZED_AUTOS = YES_AGGRESSIVE;
				GCC_WARN_UNUSED_FUNCTION = YES;
				GCC_WARN_UNUSED_VARIABLE = YES;
				MACOSX_DEPLOYMENT_TARGET = 10.8;
				SDKROOT = macosx;
			};
			name = Release;
		};
		9209C19018D5CEA500F9B2CC /* Debug */ = {
			isa = XCBuildConfiguration;
			baseConfigurationReference = DD0885A975AA4132A97AEB12 /* Pods.xcconfig */;
			buildSettings = {
				COMBINE_HIDPI_IMAGES = YES;
				GCC_PRECOMPILE_PREFIX_HEADER = YES;
				GCC_PREFIX_HEADER = "Bucket/Bucket-Prefix.pch";
				INFOPLIST_FILE = "Bucket/Bucket-Info.plist";
				PRODUCT_NAME = "$(TARGET_NAME)";
				WRAPPER_EXTENSION = app;
			};
			name = Debug;
		};
		9209C19118D5CEA500F9B2CC /* Release */ = {
			isa = XCBuildConfiguration;
			baseConfigurationReference = DD0885A975AA4132A97AEB12 /* Pods.xcconfig */;
			buildSettings = {
				COMBINE_HIDPI_IMAGES = YES;
				GCC_PRECOMPILE_PREFIX_HEADER = YES;
				GCC_PREFIX_HEADER = "Bucket/Bucket-Prefix.pch";
				INFOPLIST_FILE = "Bucket/Bucket-Info.plist";
				PRODUCT_NAME = "$(TARGET_NAME)";
				WRAPPER_EXTENSION = app;
			};
			name = Release;
		};
		9209C19318D5CEA500F9B2CC /* Debug */ = {
			isa = XCBuildConfiguration;
			buildSettings = {
				BUNDLE_LOADER = "$(BUILT_PRODUCTS_DIR)/Bucket.app/Contents/MacOS/Bucket";
				COMBINE_HIDPI_IMAGES = YES;
				FRAMEWORK_SEARCH_PATHS = (
					"$(DEVELOPER_FRAMEWORKS_DIR)",
					"$(inherited)",
				);
				GCC_PRECOMPILE_PREFIX_HEADER = YES;
				GCC_PREFIX_HEADER = "Bucket/Bucket-Prefix.pch";
				GCC_PREPROCESSOR_DEFINITIONS = (
					"DEBUG=1",
					"$(inherited)",
				);
				INFOPLIST_FILE = "BucketTests/BucketTests-Info.plist";
				PRODUCT_NAME = "$(TARGET_NAME)";
				TEST_HOST = "$(BUNDLE_LOADER)";
				WRAPPER_EXTENSION = xctest;
			};
			name = Debug;
		};
		9209C19418D5CEA500F9B2CC /* Release */ = {
			isa = XCBuildConfiguration;
			buildSettings = {
				BUNDLE_LOADER = "$(BUILT_PRODUCTS_DIR)/Bucket.app/Contents/MacOS/Bucket";
				COMBINE_HIDPI_IMAGES = YES;
				FRAMEWORK_SEARCH_PATHS = (
					"$(DEVELOPER_FRAMEWORKS_DIR)",
					"$(inherited)",
				);
				GCC_PRECOMPILE_PREFIX_HEADER = YES;
				GCC_PREFIX_HEADER = "Bucket/Bucket-Prefix.pch";
				INFOPLIST_FILE = "BucketTests/BucketTests-Info.plist";
				PRODUCT_NAME = "$(TARGET_NAME)";
				TEST_HOST = "$(BUNDLE_LOADER)";
				WRAPPER_EXTENSION = xctest;
			};
			name = Release;
		};
/* End XCBuildConfiguration section */

/* Begin XCConfigurationList section */
		9209C15918D5CEA400F9B2CC /* Build configuration list for PBXProject "Bucket" */ = {
			isa = XCConfigurationList;
			buildConfigurations = (
				9209C18D18D5CEA500F9B2CC /* Debug */,
				9209C18E18D5CEA500F9B2CC /* Release */,
			);
			defaultConfigurationIsVisible = 0;
			defaultConfigurationName = Release;
		};
		9209C18F18D5CEA500F9B2CC /* Build configuration list for PBXNativeTarget "Bucket" */ = {
			isa = XCConfigurationList;
			buildConfigurations = (
				9209C19018D5CEA500F9B2CC /* Debug */,
				9209C19118D5CEA500F9B2CC /* Release */,
			);
			defaultConfigurationIsVisible = 0;
			defaultConfigurationName = Release;
		};
		9209C19218D5CEA500F9B2CC /* Build configuration list for PBXNativeTarget "BucketTests" */ = {
			isa = XCConfigurationList;
			buildConfigurations = (
				9209C19318D5CEA500F9B2CC /* Debug */,
				9209C19418D5CEA500F9B2CC /* Release */,
			);
			defaultConfigurationIsVisible = 0;
			defaultConfigurationName = Release;
		};
/* End XCConfigurationList section */
	};
	rootObject = 9209C15618D5CEA400F9B2CC /* Project object */;
}
